
Microsoft Visual Studio Solution File, Format Version 12.00
Project("{F2A71F9B-5D33-465A-A702-920D77279786}") = "Aardvark.GLTF", "Aardvark.GLTF\Aardvark.GLTF.fsproj", "{B59FA0B4-52BC-4F81-BC0F-6F73623C3FD2}"
EndProject
Global
	GlobalSection(SolutionConfigurationPlatforms) = preSolution
		Debug|Any CPU = Debug|Any CPU
		Release|Any CPU = Release|Any CPU
	EndGlobalSection
	GlobalSection(ProjectConfigurationPlatforms) = postSolution
		{B59FA0B4-52BC-4F81-BC0F-6F73623C3FD2}.Debug|Any CPU.ActiveCfg = Debug|Any CPU
		{B59FA0B4-52BC-4F81-BC0F-6F73623C3FD2}.Debug|Any CPU.Build.0 = Debug|Any CPU
		{B59FA0B4-52BC-4F81-BC0F-6F73623C3FD2}.Release|Any CPU.ActiveCfg = Release|Any CPU
		{B59FA0B4-52BC-4F81-BC0F-6F73623C3FD2}.Release|Any CPU.Build.0 = Release|Any CPU
	EndGlobalSection
EndGlobal
